
Microsoft Visual Studio Solution File, Format Version 12.00
# Visual Studio Version 16
VisualStudioVersion = 16.0.31205.134
MinimumVisualStudioVersion = 10.0.40219.1
Project("{FAE04EC0-301F-11D3-BF4B-00C04F79EFBC}") = "ConsoleApp12", "ConsoleApp12\ConsoleApp12.csproj", "{6BB84FD8-3DB9-4F0E-81E4-05D4EDEEDE86}"
EndProject
Global
	GlobalSection(SolutionConfigurationPlatforms) = preSolution
		Debug|Any CPU = Debug|Any CPU
		Release|Any CPU = Release|Any CPU
	EndGlobalSection
	GlobalSection(ProjectConfigurationPlatforms) = postSolution
		{6BB84FD8-3DB9-4F0E-81E4-05D4EDEEDE86}.Debug|Any CPU.ActiveCfg = Debug|Any CPU
		{6BB84FD8-3DB9-4F0E-81E4-05D4EDEEDE86}.Debug|Any CPU.Build.0 = Debug|Any CPU
		{6BB84FD8-3DB9-4F0E-81E4-05D4EDEEDE86}.Release|Any CPU.ActiveCfg = Release|Any CPU
		{6BB84FD8-3DB9-4F0E-81E4-05D4EDEEDE86}.Release|Any CPU.Build.0 = Release|Any CPU
	EndGlobalSection
	GlobalSection(SolutionProperties) = preSolution
		HideSolutionNode = FALSE
	EndGlobalSection
	GlobalSection(ExtensibilityGlobals) = postSolution
		SolutionGuid = {E32D4F13-F9C8-4FB1-8D07-6D12A414D528}
	EndGlobalSection
EndGlobal
