
Microsoft Visual Studio Solution File, Format Version 12.00
# Visual Studio Version 16
VisualStudioVersion = 16.0.31321.278
MinimumVisualStudioVersion = 10.0.40219.1
Project("{FAE04EC0-301F-11D3-BF4B-00C04F79EFBC}") = "RegexClass", "Regex\RegexClass.csproj", "{1C4E01B0-C906-4E0D-9CC2-B213E26EC02A}"
EndProject
Global
	GlobalSection(SolutionConfigurationPlatforms) = preSolution
		Debug|Any CPU = Debug|Any CPU
		Release|Any CPU = Release|Any CPU
	EndGlobalSection
	GlobalSection(ProjectConfigurationPlatforms) = postSolution
		{1C4E01B0-C906-4E0D-9CC2-B213E26EC02A}.Debug|Any CPU.ActiveCfg = Debug|Any CPU
		{1C4E01B0-C906-4E0D-9CC2-B213E26EC02A}.Debug|Any CPU.Build.0 = Debug|Any CPU
		{1C4E01B0-C906-4E0D-9CC2-B213E26EC02A}.Release|Any CPU.ActiveCfg = Release|Any CPU
		{1C4E01B0-C906-4E0D-9CC2-B213E26EC02A}.Release|Any CPU.Build.0 = Release|Any CPU
	EndGlobalSection
	GlobalSection(SolutionProperties) = preSolution
		HideSolutionNode = FALSE
	EndGlobalSection
	GlobalSection(ExtensibilityGlobals) = postSolution
		SolutionGuid = {30CD18FE-9C27-413D-BC2D-B9178E578D1D}
	EndGlobalSection
EndGlobal
