
Microsoft Visual Studio Solution File, Format Version 12.00
# Visual Studio Version 16
VisualStudioVersion = 16.0.31321.278
MinimumVisualStudioVersion = 10.0.40219.1
Project("{FAE04EC0-301F-11D3-BF4B-00C04F79EFBC}") = "ADOExample", "ADOExample\ADOExample.csproj", "{DE2B0405-01CF-4241-87E7-DF67F2D00053}"
EndProject
Global
	GlobalSection(SolutionConfigurationPlatforms) = preSolution
		Debug|Any CPU = Debug|Any CPU
		Release|Any CPU = Release|Any CPU
	EndGlobalSection
	GlobalSection(ProjectConfigurationPlatforms) = postSolution
		{DE2B0405-01CF-4241-87E7-DF67F2D00053}.Debug|Any CPU.ActiveCfg = Debug|Any CPU
		{DE2B0405-01CF-4241-87E7-DF67F2D00053}.Debug|Any CPU.Build.0 = Debug|Any CPU
		{DE2B0405-01CF-4241-87E7-DF67F2D00053}.Release|Any CPU.ActiveCfg = Release|Any CPU
		{DE2B0405-01CF-4241-87E7-DF67F2D00053}.Release|Any CPU.Build.0 = Release|Any CPU
	EndGlobalSection
	GlobalSection(SolutionProperties) = preSolution
		HideSolutionNode = FALSE
	EndGlobalSection
	GlobalSection(ExtensibilityGlobals) = postSolution
		SolutionGuid = {4C407248-1855-45EC-AEC4-3BD27B8542C3}
	EndGlobalSection
EndGlobal
