
Microsoft Visual Studio Solution File, Format Version 12.00
# Visual Studio Version 16
VisualStudioVersion = 16.0.31402.337
MinimumVisualStudioVersion = 10.0.40219.1
Project("{FAE04EC0-301F-11D3-BF4B-00C04F79EFBC}") = "PizzaProject", "PizzaProject\PizzaProject.csproj", "{CA07340A-3E24-42CA-91EE-AA0DCDB942D3}"
EndProject
Global
	GlobalSection(SolutionConfigurationPlatforms) = preSolution
		Debug|Any CPU = Debug|Any CPU
		Release|Any CPU = Release|Any CPU
	EndGlobalSection
	GlobalSection(ProjectConfigurationPlatforms) = postSolution
		{CA07340A-3E24-42CA-91EE-AA0DCDB942D3}.Debug|Any CPU.ActiveCfg = Debug|Any CPU
		{CA07340A-3E24-42CA-91EE-AA0DCDB942D3}.Debug|Any CPU.Build.0 = Debug|Any CPU
		{CA07340A-3E24-42CA-91EE-AA0DCDB942D3}.Release|Any CPU.ActiveCfg = Release|Any CPU
		{CA07340A-3E24-42CA-91EE-AA0DCDB942D3}.Release|Any CPU.Build.0 = Release|Any CPU
	EndGlobalSection
	GlobalSection(SolutionProperties) = preSolution
		HideSolutionNode = FALSE
	EndGlobalSection
	GlobalSection(ExtensibilityGlobals) = postSolution
		SolutionGuid = {6504B057-F890-4592-A95F-759B6A88CEDF}
	EndGlobalSection
EndGlobal
