
Microsoft Visual Studio Solution File, Format Version 12.00
# Visual Studio Version 16
VisualStudioVersion = 16.0.31205.134
MinimumVisualStudioVersion = 10.0.40219.1
Project("{FAE04EC0-301F-11D3-BF4B-00C04F79EFBC}") = "interface", "ConsoleApp16\interface.csproj", "{462BF174-5870-4E83-BDC6-950A3AB38821}"
EndProject
Global
	GlobalSection(SolutionConfigurationPlatforms) = preSolution
		Debug|Any CPU = Debug|Any CPU
		Release|Any CPU = Release|Any CPU
	EndGlobalSection
	GlobalSection(ProjectConfigurationPlatforms) = postSolution
		{462BF174-5870-4E83-BDC6-950A3AB38821}.Debug|Any CPU.ActiveCfg = Debug|Any CPU
		{462BF174-5870-4E83-BDC6-950A3AB38821}.Debug|Any CPU.Build.0 = Debug|Any CPU
		{462BF174-5870-4E83-BDC6-950A3AB38821}.Release|Any CPU.ActiveCfg = Release|Any CPU
		{462BF174-5870-4E83-BDC6-950A3AB38821}.Release|Any CPU.Build.0 = Release|Any CPU
	EndGlobalSection
	GlobalSection(SolutionProperties) = preSolution
		HideSolutionNode = FALSE
	EndGlobalSection
	GlobalSection(ExtensibilityGlobals) = postSolution
		SolutionGuid = {9C3C8D47-2E1B-4C16-AB17-3479AF86DE7C}
	EndGlobalSection
EndGlobal
