
Microsoft Visual Studio Solution File, Format Version 12.00
# Visual Studio Version 16
VisualStudioVersion = 16.0.31205.134
MinimumVisualStudioVersion = 10.0.40219.1
Project("{FAE04EC0-301F-11D3-BF4B-00C04F79EFBC}") = "ConsoleApp9", "ConsoleApp9\ConsoleApp9.csproj", "{0B15BA30-0A0E-4AA0-A0DF-595A1B5B6235}"
EndProject
Global
	GlobalSection(SolutionConfigurationPlatforms) = preSolution
		Debug|Any CPU = Debug|Any CPU
		Release|Any CPU = Release|Any CPU
	EndGlobalSection
	GlobalSection(ProjectConfigurationPlatforms) = postSolution
		{0B15BA30-0A0E-4AA0-A0DF-595A1B5B6235}.Debug|Any CPU.ActiveCfg = Debug|Any CPU
		{0B15BA30-0A0E-4AA0-A0DF-595A1B5B6235}.Debug|Any CPU.Build.0 = Debug|Any CPU
		{0B15BA30-0A0E-4AA0-A0DF-595A1B5B6235}.Release|Any CPU.ActiveCfg = Release|Any CPU
		{0B15BA30-0A0E-4AA0-A0DF-595A1B5B6235}.Release|Any CPU.Build.0 = Release|Any CPU
	EndGlobalSection
	GlobalSection(SolutionProperties) = preSolution
		HideSolutionNode = FALSE
	EndGlobalSection
	GlobalSection(ExtensibilityGlobals) = postSolution
		SolutionGuid = {3673035B-0C92-41C2-87FC-813DD79B2C0F}
	EndGlobalSection
EndGlobal
