
Microsoft Visual Studio Solution File, Format Version 12.00
# Visual Studio Version 16
VisualStudioVersion = 16.0.31205.134
MinimumVisualStudioVersion = 10.0.40219.1
Project("{FAE04EC0-301F-11D3-BF4B-00C04F79EFBC}") = "ConsoleApp5", "ConsoleApp5\ConsoleApp5.csproj", "{C5908877-1F6C-4343-9744-941661C43334}"
EndProject
Global
	GlobalSection(SolutionConfigurationPlatforms) = preSolution
		Debug|Any CPU = Debug|Any CPU
		Release|Any CPU = Release|Any CPU
	EndGlobalSection
	GlobalSection(ProjectConfigurationPlatforms) = postSolution
		{C5908877-1F6C-4343-9744-941661C43334}.Debug|Any CPU.ActiveCfg = Debug|Any CPU
		{C5908877-1F6C-4343-9744-941661C43334}.Debug|Any CPU.Build.0 = Debug|Any CPU
		{C5908877-1F6C-4343-9744-941661C43334}.Release|Any CPU.ActiveCfg = Release|Any CPU
		{C5908877-1F6C-4343-9744-941661C43334}.Release|Any CPU.Build.0 = Release|Any CPU
	EndGlobalSection
	GlobalSection(SolutionProperties) = preSolution
		HideSolutionNode = FALSE
	EndGlobalSection
	GlobalSection(ExtensibilityGlobals) = postSolution
		SolutionGuid = {B7458566-5983-4147-AFCB-A25ADCA70F16}
	EndGlobalSection
EndGlobal
