
Microsoft Visual Studio Solution File, Format Version 12.00
# Visual Studio Version 16
VisualStudioVersion = 16.0.31321.278
MinimumVisualStudioVersion = 10.0.40219.1
Project("{FAE04EC0-301F-11D3-BF4B-00C04F79EFBC}") = "QuestionsEmployee", "QuestionsEmployee\QuestionsEmployee.csproj", "{C04A8E3A-7939-4F55-AF0F-70D14A04C8A0}"
EndProject
Global
	GlobalSection(SolutionConfigurationPlatforms) = preSolution
		Debug|Any CPU = Debug|Any CPU
		Release|Any CPU = Release|Any CPU
	EndGlobalSection
	GlobalSection(ProjectConfigurationPlatforms) = postSolution
		{C04A8E3A-7939-4F55-AF0F-70D14A04C8A0}.Debug|Any CPU.ActiveCfg = Debug|Any CPU
		{C04A8E3A-7939-4F55-AF0F-70D14A04C8A0}.Debug|Any CPU.Build.0 = Debug|Any CPU
		{C04A8E3A-7939-4F55-AF0F-70D14A04C8A0}.Release|Any CPU.ActiveCfg = Release|Any CPU
		{C04A8E3A-7939-4F55-AF0F-70D14A04C8A0}.Release|Any CPU.Build.0 = Release|Any CPU
	EndGlobalSection
	GlobalSection(SolutionProperties) = preSolution
		HideSolutionNode = FALSE
	EndGlobalSection
	GlobalSection(ExtensibilityGlobals) = postSolution
		SolutionGuid = {D8C9C7CC-757B-4C01-A744-071D99FD6429}
	EndGlobalSection
EndGlobal
