
Microsoft Visual Studio Solution File, Format Version 12.00
# Visual Studio Version 16
VisualStudioVersion = 16.0.31205.134
MinimumVisualStudioVersion = 10.0.40219.1
Project("{FAE04EC0-301F-11D3-BF4B-00C04F79EFBC}") = "WinFormsApp2", "WinFormsApp2\WinFormsApp2.csproj", "{AE55E5D6-D28D-4CA4-904E-214D045FD060}"
EndProject
Global
	GlobalSection(SolutionConfigurationPlatforms) = preSolution
		Debug|Any CPU = Debug|Any CPU
		Release|Any CPU = Release|Any CPU
	EndGlobalSection
	GlobalSection(ProjectConfigurationPlatforms) = postSolution
		{AE55E5D6-D28D-4CA4-904E-214D045FD060}.Debug|Any CPU.ActiveCfg = Debug|Any CPU
		{AE55E5D6-D28D-4CA4-904E-214D045FD060}.Debug|Any CPU.Build.0 = Debug|Any CPU
		{AE55E5D6-D28D-4CA4-904E-214D045FD060}.Release|Any CPU.ActiveCfg = Release|Any CPU
		{AE55E5D6-D28D-4CA4-904E-214D045FD060}.Release|Any CPU.Build.0 = Release|Any CPU
	EndGlobalSection
	GlobalSection(SolutionProperties) = preSolution
		HideSolutionNode = FALSE
	EndGlobalSection
	GlobalSection(ExtensibilityGlobals) = postSolution
		SolutionGuid = {E6FB948F-9D93-40C6-8DF7-523611F15752}
	EndGlobalSection
EndGlobal
